tokens:
  - terminalType: 'name'
    token_type: 'terminal'
    value: 'Block'
    attribute: ''
  - terminalType: ''
    token_type: 'key'
    value: '::='
    attribute: ''
  - terminalType: 'name'
    token_type: 'terminal'
    value: 'Assignment'
    attribute: ''
  - terminalType: ''
    token_type: 'key'
    value: '|'
    attribute: ''
  - terminalType: 'name'
    token_type: 'terminal'
    value: 'Conditional'
    attribute: ''
  - terminalType: ''
    token_type: 'key'
    value: '|'
    attribute: ''
  - terminalType: 'name'
    token_type: 'terminal'
    value: 'Expression'
    attribute: ''
  - terminalType: ''
    token_type: 'key'
    value: '|'
    attribute: ''
  - terminalType: 'name'
    token_type: 'terminal'
    value: 'Loop'
    attribute: ''
  - terminalType: ''
    token_type: 'key'
    value: '|'
    attribute: ''
  - terminalType: 'name'
    token_type: 'terminal'
    value: 'FunctionDecl'
    attribute: ''
  - terminalType: ''
    token_type: 'key'
    value: '|'
    attribute: ''
  - terminalType: 'name'
    token_type: 'terminal'
    value: 'FunctionCall'
    attribute: ''
  - terminalType: ''
    token_type: 'key'
    value: '|'
    attribute: ''
  - terminalType: 'name'
    token_type: 'terminal'
    value: 'ProcDecl'
    attribute: ''
  - terminalType: ''
    token_type: 'key'
    value: '|'
    attribute: ''
  - terminalType: 'name'
    token_type: 'terminal'
    value: 'IteratorDecl'
    attribute: ''
  - terminalType: ''
    token_type: 'key'
    value: '|'
    attribute: ''
  - terminalType: 'name'
    token_type: 'terminal'
    value: 'Input'
    attribute: ''
  - terminalType: ''
    token_type: 'key'
    value: '|'
    attribute: ''
  - terminalType: 'name'
    token_type: 'terminal'
    value: 'Output'
    attribute: ''
  - terminalType: ''
    token_type: 'key'
    value: '|'
    attribute: ''
  - terminalType: 'name'
    token_type: 'terminal'
    value: 'Comment'
    attribute: ''
  - terminalType: ''
    token_type: 'key'
    value: '|'
    attribute: ''
  - terminalType: 'name'
    token_type: 'terminal'
    value: 'Goto'
    attribute: ''
  - terminalType: ''
    token_type: 'key'
    value: '|'
    attribute: ''
  - terminalType: 'name'
    token_type: 'terminal'
    value: 'ArrayDecl'
    attribute: ''
  - terminalType: ''
    token_type: 'key'
    value: '|'
    attribute: ''
  - terminalType: 'name'
    token_type: 'terminal'
    value: 'StructDecl'
    attribute: ''
  - terminalType: ''
    token_type: 'key'
    value: '|'
    attribute: ''
  - terminalType: 'name'
    token_type: 'terminal'
    value: 'Select'
    attribute: ''
  - terminalType: ''
    token_type: 'key'
    value: '|'
    attribute: ''
  - terminalType: 'name'
    token_type: 'terminal'
    value: 'Return'
    attribute: ''
  - terminalType: ''
    token_type: 'key'
    value: '|'
    attribute: ''
  - terminalType: 'name'
    token_type: 'terminal'
    value: 'Yield'
    attribute: ''
  - terminalType: ''
    token_type: 'key'
    value: '|'
    attribute: ''
  - terminalType: 'name'
    token_type: 'terminal'
    value: 'NextFor'
    attribute: ''
  - terminalType: ''
    token_type: 'key'
    value: ';'
    attribute: ''
